{
  "version": "TM.0.23.CORTEX.V32.PREREG",
  "product": "0.0.004",
  "earned_next": false,
  "ex0s": null,
  "eligible_for_000005": false,
  "affinemap_r2_decision_sha": "dc71c767858cc3fbc982a8fc6a3736c15d33f107087878810942ec4182b323bf",
  "affinemap_r2_dev_sha": "3ca78f2ec5a383ee38ea644ef476f8308f302b75d59becfe34b861ca0fa761ef",
  "affinemap_r2_addendum_sha": "d6a2cdbf0869ff7a78b6c2fe2f1d20b6e31011c1333b464f006cfc34b45b7bc4",
  "architecture_amendment_md_sha": "d9a42afa0541c0202181714abc8d853fb5f36279a223a516379e06abcf3b2795",
  "isolation_sha": "09ae0d9680d62d2a4415205342db421356086d0d17acb849eed5fbcbc323baf2",
  "authorized_law": "fast_episodic_p1_memory_plus_slow_cortical_consolidation",
  "n": 64,
  "tau": 0.6,
  "delta_B": 0.05,
  "delta_P": 0.05,
  "H_max": 8,
  "episode_slots": 8,
  "state_budget": 512,
  "match_l2": 0.05,
  "replay_epochs": 16,
  "n_rest_ticks": 4,
  "eta_act": 0.15,
  "beta": 0.01,
  "act_score_mode": "query",
  "a3_bias": false,
  "w1_proto": false,
  "compact_pa_path": false,
  "required_after_edit": [
    "dev_on_TM025.TWOSCALE.DEV.",
    "acquire_stability_reversal_specificity"
  ],
  "lineage_after_gates": false,
  "reopen_lineage_readiness_only_if_battery_passes": true,
  "refuse": [
    "increase_n",
    "move_tau_or_delta",
    "rewrite_historical_locks",
    "QUAL_EVAL_reveal",
    "FULLDEV_R7",
    "another_solver_MAP",
    "declare_v31",
    "resurrect_W1",
    "join_A3_bias",
    "oracle_reaudit",
    "install_512_row_TRACE",
    "install_1536_eligibility",
    "new_eta_radius_replay_margin_search"
  ],
  "note": "Two-timescale P1 episodic consolidation. Neural edit authorized. Product remains 0.0.004."
}
