{
  "version": "TM.0.23.CORTEX.CANDIDATE.V40",
  "product": "0.0.004",
  "earned_next": false,
  "ex0s": null,
  "eligible_for_000005": false,
  "factory": "experiments.run_tm023cortex.make_cortex",
  "init": [
    "make_cortex(s_dir, genome=genome, device=device)",
    "NeuralCortex.set_act_socp_arm('fallback_joint')"
  ],
  "instance_flag": "set_act_socp_arm",
  "instance_flag_not_genomeconfig": true,
  "default_arm": "off",
  "default_is_frozen_v37_credit": true,
  "candidate_arm": "fallback_joint",
  "live_pointer_unchanged": "docs/cortex.candidate.lock remains v30",
  "supersedes_v30_as_live_pointer": false,
  "review_lock": "docs/lineage_v40.candidate_review.lock",
  "review_lock_sha": "b931aa6c6332048b68e97b8444466855ab6c91d3d7f38632caef257efb7818cf",
  "claim": "Frozen v37 local learning with atomic joint-SOCP fallback can restore jointly feasible actuator mappings and preserve subsequent learning in the tested 8-cue/4-handle regime.",
  "not_claimed": [
    "biologically local learning",
    "unrestricted lifelong capacity",
    "general intelligence",
    "exact projector",
    "emergent synaptic plasticity"
  ],
  "organ": {
    "kind": "inherited_slow_consolidation",
    "role": "optimizer_comparable_global_solver_during_consolidation",
    "not": "emergent_synaptic_plasticity",
    "module": "three_memory/joint_socp.py",
    "name": "numerical_joint_socp_consolidation",
    "not_an_exact_projector": true
  },
  "solver": {
    "name": "CLARABEL",
    "cvxpy_version": "1.7.3",
    "clarabel_version": "0.11.1",
    "dtype": "float64",
    "max_iter": 200,
    "max_threads": 1,
    "direct_solve_method": "qdldl",
    "tol_gap_abs": 1e-08,
    "atomic_apply": true,
    "partial_install": false,
    "nudge": false
  },
  "authoritative_predicate": "_episode_rehearsal_violation",
  "activation": "fallback_joint after v37 iff store violations remain",
  "rest_replay_stays_v37_gated": true,
  "tested_bound": {
    "episode_slots": 8,
    "n_cues": 8,
    "n_handles": 4,
    "write_match_l2": 0.05,
    "n": 64
  },
  "architecture_amendment_sha": "e4310c701006d7feda5b63d896a864f4f1b10e80c104d51d2af3448d2ea01fbf",
  "v40_prereg_sha": "c60a5a55980c633453df47eac18126df81fdc9153c6a6a0dd7186f563ab6e3ac",
  "v40_isolation_sha": "6003436fd6a0a6e5cd9de10863f363b767d4ec4c13f7addefffa16e9d16c74d7",
  "neural_cortex_sha": "2eb45d8769402330f5ee39a04afffe110a435a0e64a40b12bc2d874b36f5ed59",
  "joint_socp_sha": "ed651a51f8de6cc6ec1d8285c43846c99b47b751ddfea59d3c26db1d63fcc895",
  "cortex_memory_sha": "fc3942efaffb8b18e891c545510aa4949b52c86c773c707036bbc6d162fe35d7",
  "make_cortex_sha": "b0897d19e7058f22d55885f3060e9bda3b6d79e3f051a7fba65b9b5dd747dd8d",
  "canonical_probe_sha": "51e24d272417df5ae689301d9600d49aa86daec6608dfc7ff26f8ad4c2e22aef",
  "evidence": {
    "tm039_decision_sha": "0275f20ebc9d0ff528b4edbf2767d21c69689b94f6559a25ce00eca9f7d1618d",
    "r2_decision_sha": "bcd40fba96ff96d90958aaf4c03fd4bb8fa2995dccd313600a09e9fc50124f23",
    "tm042_decision_sha": "eec6263f4f85e94569eecded557dde6839123ef95ff58973005ce4994d343be8",
    "tm042_addendum_sha": "46d1b5d51e985bab51568adf23333ac6e9b26dde9993b554f426b94f7738c024",
    "tm043_decision_sha": "bf1740df882d095b37edb98479695521917202c175e6515997c523008f56200d"
  },
  "genome": {
    "n": 64,
    "d_sym": 32,
    "k_s": 8,
    "d_body": 4,
    "d_x": 293,
    "p_connect": 0.1,
    "t_max": 8,
    "tau": 1.0,
    "cos_thresh": 0.15,
    "eta_pred": 0.05,
    "eta_act": 0.15,
    "beta": 0.01,
    "clip": 2.0,
    "seed_birth": 12345,
    "seed_registry": 22222,
    "seed_source": 33333,
    "seed_action": 44444,
    "seed_permute": 55555,
    "seed_motor": 66666,
    "dtype": "float64",
    "motor_persist_p": 0.0,
    "act_score_mode": "query",
    "body_setpoint": [1.0, 0.0, 1.0, 0.0],
    "ops": ["RETRIEVE", "WRITE", "EMIT", "ACT", "STOP", "HOLD"],
    "op_cost": {
      "RETRIEVE": 1.0,
      "WRITE": 1.0,
      "EMIT": 1.0,
      "ACT": 0.05,
      "STOP": 0.0,
      "HOLD": 0.0
    }
  },
  "note": "v40 joint-SOCP fallback organ. Default birth remains frozen v37. Product remains 0.0.004 until a separate product-earn decision."
}
