{
  "version": "TM.0.23.CORTEX.V7.DIAGNOSIS.NOTE",
  "product": "0.0.004",
  "earned_next": false,
  "ex0s": null,
  "diagnosis_v7": "docs/cortex_diagnosis.v7.lock",
  "historical_lock_rewritten": false,
  "note": "The three sampled D1 press=0/harm=0 lives are not motor-silent after 30 teach: frozen probes show 27/21/19 ACTs. score_d1 apply_event can still read press=0. Remaining HOLD is a probe-path / later-stage issue, not a new credit law. No neural change authorized.",
  "frozen_probe_act_after_30_on_hold_lives": true,
  "authorize_neural_v8": false
}
