{
  "version": "TM.0.23.CORTEX.V10.GATE.RUNNER",
  "product": "0.0.004",
  "earned_next": false,
  "ex0s": null,
  "eval_revealed": false,
  "stat_contract_sha": "853eb6d0e2b35c3657487e4567cece97aafe10aec5c6635a7d64be8aaf7580bc",
  "architecture_amendment_sha": "e1b691eb0bdbaec1a0f52688c073a8126587d520a2e95a749f833d5eca53b700",
  "gate_module": "experiments.cortex_v10_gate",
  "gate_module_sha": "916284bbbaad56c8500b459ebf8d3ccbeeae65564a656b6b843746f655efca5f",
  "worlds_module_sha": "1cf356d9d544acfb53805a3336f644974ee5bd91d9c48d7d810d35ead11763f3",
  "scorer_sha": "35fff11e5c8098a2c11c725415d7eceb8ba3a5d969c13becf4104199f0cae2e3",
  "candidate_interface": {
    "factory": "experiments.run_tm023cortex.make_cortex",
    "note": "no candidate SHA"
  }
}
