{
  "version": "TM.0.23.CORTEX.V34.ARCHITECTURE.AMENDMENT",
  "product": "0.0.004",
  "earned_next": false,
  "ex0s": null,
  "eligible_for_000005": false,
  "competitive_addendum_sha": "17a523e4487fcfec88184c26dfa6ec818e73c5762f22bac518c637df006c6728",
  "architecture_amendment_md_sha": "e2d9a59d03fa6528deff2bf53095710b3b8f386de6f86104ceb4398b954e8c96",
  "authorized_law": "prediction_error_gated_competitive_rehearsal",
  "note": "Human-readable law in cortex_v34_architecture_amendment.md. Product remains 0.0.004."
}
