{
  "version": "TM.0.23.CORTEX.V13.STAT.CONTRACT",
  "product": "0.0.004",
  "earned_next": false,
  "ex0s": null,
  "v1_architecture_contract_sha": "0470d5f8429317715d9f50bc9a3e2463dc1fd80039afb9fc650e364b28e7fac2",
  "stat_md_sha": "439603d59ad9479c5319655751d9effcf410fcc92e387ab799906de897feb9ad",
  "gate_md_sha": "7e07eb64bee8eec519368082960082a954a9e0c6b51901b94bfe8afdf93d9f8b",
  "diagnosis_v12_sha": "86d2e6f90630f9ab82a7c31bb62847e39188d4fa51b2d45eae5bc8fb13e742e6",
  "neural_sha_at_freeze": "63096393d8ae5f81d33940b0b8b5ea86c004b84daa1228d7c277118149eaf4c5",
  "neural_change_authorized": true,
  "authorized_law": "slow_advantage_baseline",
  "conflict_adv_eps": 1e-09,
  "conflict_hold_bias": 2.0,
  "adv_baseline_alpha": 0.05,
  "d1_bind": [
    "press",
    "harm"
  ],
  "d2_conflict": "swapped_press_harm",
  "extras": "population",
  "majority_min": 24,
  "mean_delta_min": 0.1,
  "life_delta_min": 0.1,
  "gate_clear_min_pairs": 13,
  "refuse": [
    "lower holds>=5",
    "raise CONFLICT_HOLD_BIAS",
    "edit-and-rescore v12",
    "capability-specific functions"
  ]
}
