{
  "version": "TM.0.23.CORTEX.D5.R2.ARCHITECTURE.AMENDMENT",
  "product": "0.0.004",
  "earned_next": false,
  "ex0s": null,
  "diagnosis_v19_sha": "9e17ab9fbf89de87247f3a84f4b0ffd6bbc2c5672b968f6bec1b0700fb2c47cd",
  "stat_contract_sha": "d226d1da9ea890b196c075937ca7e6f76c4b8c77c7d148ae24592cce8c2f4bba",
  "amendment_md_sha": "96b71a8c6cbeab97f47336fe2a69149d2ab3d13f923f3a6f86d998d0f3df891c",
  "neural_sha_at_freeze": "deedd35cca131a465273380e6ab8e6b610ebcea13fc575a1670218bfada2a342",
  "changes_authorized": [
    "longer_neophobia"
  ]
}
