{
  "version": "TM.0.23.CORTEX.V9.GATE.PREREG",
  "product": "0.0.004",
  "earned_next": false,
  "ex0s": null,
  "eval_seed_commitment": "d5179a888f94d8007fe487ac4673b9a937f2bf9d9157fc4340e4a7880717d8ad",
  "reveal_sha": "04a125b0983b5b81a9fd6f77dc909bb169267353e2358642619f0afe2b4146d8",
  "candidate_v9_sha": "e3b4d59e8b47859d3d06fee0a9358f275a6d0a8ba175ecb2d8885d320913a496",
  "candidate_git_sha": "bd94241eedd75e97d7e0ff9654cf7ba7e06df535",
  "scorer_sha": "066c049fbbd2482defd1ae0593b2b227c048a5bfb48effebe8986fb59dab2f8c",
  "d1_bind": [
    "press",
    "harm"
  ],
  "schedule": [
    "D0",
    "D1",
    "D2"
  ]
}
