{
  "version": "TM.0.23.CORTEX.V13.EVAL.REVEAL",
  "product": "0.0.004",
  "earned_next": false,
  "ex0s": null,
  "eval_seed_commitment": "70ba6fdf29810967c145689aeb197b3f23325659aee3f0e86bd00dfd6f25e4fb",
  "seed_hex": "f8cde2c74054a72f491b9fe8ee8d3f60a0f2afe359e281b96196b0aeadd785f3",
  "salt_hex": "05e5732ee6ad18e858c055b21b6365b8b610e88a4b067c7364f2a84708febcec",
  "candidate_v13_sha": "8a39d61d35ff039a6f02dde11d7948d30c4923c2d937c7df9f3aada8aee4952c",
  "candidate_git_sha": "99c387326d36d8a047c079b917276b121fb24228",
  "mact_boundary_v13_sha": "c9c583d6444437c9f3f9c8a41dc88209412ec8920a5f911128487684c9189954",
  "note": "Reveal only after candidate commit is on a clean HEAD."
}
