{
  "version": "TM.0.23.CORTEX.D3.R3.GATE.CLEAR.NOTE",
  "product": "0.0.004",
  "earned_next": false,
  "ex0s": null,
  "n_pair_clear": 16,
  "relation_gate_clear": true,
  "note": "Isolated D3.R3 cleared 16/16 on current-observe body_adv equal-evidence HOLD. This does not stamp 0.0.005 and does not reopen nursery. Next: FULLDEV.R2 on unused domain TM023.FULL.R2. with historical D0–D12 scorers."
}
