{
  "version": "TM.0.23.CORTEX.D5.R3.GATE.RUNNER",
  "product": "0.0.004",
  "earned_next": false,
  "ex0s": null,
  "eval_revealed": false,
  "stat_contract_sha": "56c01170c059e8fd285a0bfa94bb904702851def6e122c89973be42c4d190e62",
  "architecture_amendment_sha": "da0b3f505a8b6973fc88c528b6dd8cccc6ea15860c9f627ba84fdf0bc90c3ea1",
  "gate_module": "experiments.cortex_d5_r3_gate",
  "gate_module_sha": "6443ca636bd72b4603546bde1cc0e9118d25473bdcfbf063496fdd507f2624b5",
  "worlds_module_sha": "14a9b9d6ae1e5e3a8428cefe36d99a167cf9d7d0f1ef8eae98aa0fd7103ad0e7",
  "scorer_sha": "c32a453aaab0a8820fda0f41d24918f827dad8e378fb6f6da1853420a1ef7f7d",
  "candidate_interface": {
    "factory": "experiments.run_tm023cortex.make_cortex",
    "note": "no candidate SHA"
  }
}
