{
  "version": "TM.0.23.CORTEX.D4.R2.ARCHITECTURE.AMENDMENT",
  "product": "0.0.004",
  "earned_next": false,
  "ex0s": null,
  "diagnosis_v17_sha": "ba047bc5ff9aaf36c0931494ff8e15f87b67cd71352700ab7118fca2644f9aed",
  "stat_contract_sha": "8bb8a963a553e3c80cea28492b48d1519b8ad6230938615ebec0c54bd7afb033",
  "amendment_md_sha": "62d1113dd05cdda719e85b2e7338c7a25781b958471fb4d56cabd28a64812672",
  "neural_sha_at_freeze": "8785c1be50e61a203569abb8a8d6796054b875dd75b9ea146a4aa0514d9f41b1",
  "changes_authorized": [
    "retrieve_recency_tiebreak"
  ]
}
