{
  "version": "TM.0.23.CORTEX.D6.R3.EVAL.REVEAL",
  "product": "0.0.004",
  "earned_next": false,
  "ex0s": null,
  "eval_seed_commitment": "0bbfa4f1e540eee9fba136f1fb9455b1af64ed2bd6e10a9242ce4e463ff1f7ac",
  "seed_hex": "042eabcad1da068c79b98e912a9038fef3c95290bb2ab74b85b0812ad92692a1",
  "salt_hex": "e4630a6616a7851dbd9d9864cffa5730abd87d20df5f9984b1fee1322b4d78fe",
  "candidate_v23_sha": "14306b828dd3397d410d6fc8bfa64ad73af97e55beaa0a372159cd7495fc52dd",
  "candidate_git_sha": "09ca83436dca2d9d4b54d0a67b1210f0e52877da",
  "mact_boundary_v23_sha": "dbc4608482f4deb4e6fd9c7de2c20d098f196b5c65c108f10af3b427839ac9af"
}
