{
  "version": "TM.0.23.CORTEX.D3.R1.PREREG",
  "product": "0.0.004",
  "earned_next": false,
  "ex0s": null,
  "eval_seed_commitment": "049fae878b7885b50f156001c903f8fa5e709838b25b3949b065af5d56ef12be",
  "architecture_amendment_sha": "2aab04de13f1fac6da4cff0effb19fc223c98439c1bfe8ad72d27fe23487dbb1",
  "gate_runner_sha": "618a32b409808c1ee57a842b068b29af96ed02529172d18b94cc83002416adfe",
  "stat_contract_sha": "439b6bfb51fa6c24f710d55f30ac46ddc6a7b3049063974bdba75be25b3639da",
  "diagnosis_fulldev_r1_sha": "1365674119faf51344e989d1b54033787ff856f3a24754df5aace61ac4568d71",
  "schedule": [
    "D0",
    "D3"
  ],
  "n_pairs": 16,
  "gate_clear_min_pairs": 13,
  "domain": "TM023.D3.R1.",
  "authorized_law": "equal_evidence_low_familiarity_hold",
  "distinct_from_prior": [
    "58d3f0bf5c21552d155114a3837210764d225372ad3d7a7268f62cb2de197a2e",
    "70ba6fdf29810967c145689aeb197b3f23325659aee3f0e86bd00dfd6f25e4fb",
    "6f3661b3dbf75578cc077a98efb882e8e27e0b667ae016b3f1a308c1bd4d71b7",
    "4d76ecd69fabcdf5d39f321049405be32f444bd8c2954f9157fe6f0d7e07343e",
    "4d76ecd69fabcdf5d39f321049405be32f444bd8c2954f9157fe6f0d7e07343e"
  ],
  "note": "Narrow D3. Neural equal-evidence HOLD authorized after this freeze. Not FULLDEV."
}
