{
  "version": "TM.0.23.CORTEX.D3.R3.MATH.AUDIT",
  "product": "0.0.004",
  "earned_next": false,
  "ex0s": null,
  "ok": true,
  "checks": [
    {
      "id": "v1_contract_untouched",
      "ok": true
    },
    {
      "id": "motor_act_tokens_empty",
      "ok": true
    },
    {
      "id": "conflict_hold_bias_frozen",
      "ok": true
    },
    {
      "id": "familiarity_ratio_frozen",
      "ok": true
    },
    {
      "id": "equal_evidence_min_symbols_3",
      "ok": true
    },
    {
      "id": "current_body_adv_predicate",
      "ok": true
    },
    {
      "id": "not_keyed_on_last_act",
      "ok": true
    },
    {
      "id": "c6_safe_predicate_present",
      "ok": true
    },
    {
      "id": "cue_hold_present",
      "ok": true
    },
    {
      "id": "neural_changed_from_v15",
      "ok": true
    }
  ]
}
