{
  "version": "TM.0.23.CORTEX.GENERALITY.V26.RESULT",
  "lab": "TM.0.23.CORTEX.GENERALITY.v26",
  "product": "0.0.004",
  "earned_next": false,
  "ex0s": null,
  "eligible_for_000005": false,
  "candidate": "docs/cortex.candidate.v26.lock",
  "candidate_sha": "8610a7e7213d320831ae44eb80f02765463c9d3b9b1274c0c83c053b2fd08508",
  "runner_sha": "3571ce556afd4100c8f8d683b898ce282915ec3f57ed836d147cd1dcee2f9897",
  "contract_sha": "e3bc3c969f450d36746d132c1c00b34a5a16e5fd33ff983cd1cb439e2992b207",
  "neural_cortex_sha": "25a445c2abb016030caa0285ea8ff3169f4c1e2544169ef263a7d8bc4d908edb",
  "all_controls_green": false,
  "n_ok": 3,
  "n_controls": 8,
  "controls": [
    {
      "id": "G1_no_scripted_phrase_machinery",
      "ok": false,
      "hits": [
        {
          "file": "neural_cortex.py",
          "kind": "identifier",
          "pattern": "phrase_program",
          "n": 6
        },
        {
          "file": "neural_cortex.py",
          "kind": "identifier",
          "pattern": "phrase_target",
          "n": 2
        },
        {
          "file": "neural_cortex.py",
          "kind": "regex",
          "pattern": "\\b_phrase\\b",
          "n": 6
        }
      ],
      "why": "scripted_phrase_or_stage_branch"
    },
    {
      "id": "G2_cross_modal_transfer",
      "ok": false,
      "n_emit": 0,
      "n_act": 51,
      "after_emit_hold_rate": 0.0,
      "after_act_hold_rate": 0.0392156862745098,
      "why": "continuation_not_cross_modal"
    },
    {
      "id": "G3_non_echo_response",
      "ok": false,
      "emit_b": 0,
      "echo_a": 4,
      "other": 16,
      "why": "echo_is_the_answer_function"
    },
    {
      "id": "G4_order_length_counterfactuals",
      "ok": true,
      "renamed_ok": true,
      "reverse_ok": true,
      "distractor_ok": true,
      "unseen_length_ok": true,
      "renamed_leak": 0,
      "reverse_copy": 2,
      "distractor_copy": 0,
      "unseen_len5": 1,
      "spellings_differ": true,
      "why": null
    },
    {
      "id": "G5_stop_evidence",
      "ok": false,
      "mean_len_boundary2": 3.6,
      "mean_len_boundary4": 3.6363636363636362,
      "closer_to_2": false,
      "closer_to_4": true,
      "why": "stop_follows_copied_length_not_boundary_evidence"
    },
    {
      "id": "G6_neophobia_provenance",
      "ok": true,
      "known_nonhold": 0.95,
      "unknown_nonhold": 0.2,
      "after_reset_holds": 16,
      "donor_holds": 4,
      "known_chunks_present": false,
      "why": null
    },
    {
      "id": "G7_ablations",
      "ok": false,
      "birth_ok": false,
      "plasticity_off_ok": true,
      "stripped_s_ok": true,
      "rho_reset_ok": true,
      "renamed_twin_ok": true,
      "birth_press": 14,
      "birth_harm": 0,
      "frozen_press": 2,
      "frozen_harm": 4,
      "twin_main_token_leak": 0,
      "why": "ablation_fork_missing_expected_difference"
    },
    {
      "id": "G8_trace_purity",
      "ok": true,
      "traj_match": true,
      "rng_match": true,
      "why": null
    }
  ],
  "refuse_fulldev_r7": true,
  "note": "v26 immutable. Green required before FULLDEV.R7. Any red \u2192 diagnose isolated v27."
}
