{
  "version": "TM.0.23.CORTEX.D3.R3.ARCHITECTURE.AMENDMENT",
  "product": "0.0.004",
  "earned_next": false,
  "ex0s": null,
  "diagnosis_v15_sha": "5318f7ab86975431813e329b2cb9cdb29fd9bfd08d6ae1e5266ba5cdf3b2a65b",
  "stat_contract_sha": "5242a258dc60f73acce15921401b7537c95cfb331a8b51f7189e85224d501af2",
  "amendment_md_sha": "2f3f915f44a090b3ac46975aa02509b9902958d2ca90f6d1bf4f9502b9b86cc7",
  "neural_sha_at_freeze": "10a9159bfbb6695a1db3c2fd244643caf852e1f852fec5509427ab2c6bb65efd",
  "changes_authorized": [
    "current_observe_body_adv_equal_evidence"
  ]
}
