{
  "_schema": "exos_dev1.stage_a_developmental_birth_r4.prereg.v1",
  "_immutable": true,
  "written_utc": "2026-08-20T12:45:00Z",

  "revision": "DevelopmentalBirthR4",
  "scientific_attempt_number": 1,
  "role": "new_architectural_lineage",
  "not_r3_repair": true,
  "scored_run_authorized": false,

  "authorized_by": [
    "docs/exos_dev1.stage_a_developmental_birth_r4.contract.lock",
    "docs/exos_dev1.stage_a_developmental_birth_r4.isolation.lock",
    "docs/exos_dev1.stage_a_reference_birth.standalone_credit_branch.stop.lock",
    "docs/exos_dev1.stage_a_reference_birth_r3.dev_decision.lock"
  ],

  "provenance": {
    "contract_isolation_commit": "21a8dc3",
    "implementation_commit": "ba97883",
    "implementation_sha": "ba97883b6864a0345901b654396a417db3163a03",
    "pre_prereg_implementation_commit": "eafc791",
    "gestation_calibration_commit": "ba97883",
    "preflight_seed": "developmental_birth_r4_excluded_preflight_20260820",
    "preflight_outcome": "developmental_birth_r4_excluded_preflight_pass",
    "preflight_artifact": "runs/exos_dev1/stage_a_developmental_birth_r4/excluded_preflight_and_benchmark.json",
    "unscored_benchmark_wall_s_preflight": 4.666459252126515,
    "gestation_effect_audit": {
      "sham_active_matched_ticks_movements_body_compute": true,
      "active_changes_motor_weights": true,
      "sham_weights_frozen": true,
      "preferred_action_diverges_on_some_seeds": true,
      "lifetime_score_or_accuracy_diverges": true,
      "effect_not_merely_state_hashes": true
    }
  },

  "implementation": {
    "commit_sha": "ba97883b6864a0345901b654396a417db3163a03",
    "runner_file": "experiments/dev1/search_developmental_birth_r4.py",
    "life_file": "experiments/dev1/developmental_birth_r4_life.py",
    "outer_file": "experiments/dev1/developmental_birth_r4_outer.py",
    "preflight_file": "experiments/dev1/developmental_birth_r4_preflight.py",
    "tests_file": "tests/dev1/test_stage_a_developmental_birth_r4.py",
    "development_package": "three_memory/dev1/development/",
    "body_package": "three_memory/dev1/body/"
  },

  "mechanism": {
    "genome": "generative_construction_program",
    "gestation": "compute_matched_sham_vs_active_homeostatic_babble",
    "valence": "organism_owned_from_consecutive_interoceptive_states",
    "factorial": "2x2_sham_active_x_fixed_eprop_lsg",
    "historical_r2_r3_not_factorial_cells": true,
    "r2_self_teacher_credit_separation_preserved": true
  },

  "factorial_cells": [
    {"development": "sham_gestation", "credit": "r2_fixed_eprop_baseline"},
    {"development": "sham_gestation", "credit": "inherited_learning_signal_generator"},
    {"development": "active_gestation", "credit": "r2_fixed_eprop_baseline"},
    {"development": "active_gestation", "credit": "inherited_learning_signal_generator"}
  ],

  "budget": {
    "outer_optimizer": "matched_es_per_credit_column",
    "generations": 8,
    "population_size": 8,
    "mutation_scale": 0.15,
    "n_episodes_per_life": 32,
    "episode_ticks": 16,
    "gestation_ticks": 128,
    "lives_per_individual": 1,
    "training_cheap_seeds": 2,
    "validation_seeds": 4,
    "confirmation_seeds": 4,
    "outer_world_exposure_matched_across_credit_columns": true,
    "evaluation_budgets_matched_across_credit_columns": true,
    "lsg_column_no_extra_lives_for_parameter_count": true,
    "scored_run_cuda_required": true,
    "estimated_scored_wall_seconds": 3600
  },

  "thresholds": {
    "note": "Decision order frozen in contract; numeric gates for scored evaluation",
    "optimization_ceiling_min_accuracy": 0.20,
    "grounded_acquisition_min_train_accuracy": 0.25,
    "grounded_acquisition_min_signed_margin_proxy": 0.0,
    "development_not_causal_if_sham_within_epsilon_of_active": 0.05,
    "fresh_world_min_validation_accuracy": 0.20,
    "lifetime_plasticity_off_success_implies_genome_overencoded_behavior": true,
    "actor_critic_ceiling_measurement_only": true
  },

  "decision_ladder": [
    "developmental_setup_fail",
    "gestation_leakage",
    "body_controllability_fail",
    "optimization_ceiling_fail",
    "genome_overencoded_behavior",
    "grounded_acquisition_fail",
    "development_not_causal",
    "self_credit_not_causal",
    "teacher_credit_not_causal",
    "lsg_not_causal",
    "fresh_world_fail",
    "renamed_symbol_grounding_fail",
    "stage_a_r4_validation_pass",
    "stage_a_r4_confirmation_pass"
  ],

  "required_interventions": [
    "sham_gestation",
    "zero_tick_skip_observational",
    "gestational_plasticity_off",
    "lifetime_plasticity_off",
    "reward_valence_off",
    "motor_to_body_permutation",
    "proprioceptive_feedback_permutation",
    "teacher_demonstration_permutation",
    "open_loop_or_shuffled_action_consequences",
    "lsg_off",
    "lsg_permuted"
  ],

  "required_provenance_hashes": [
    "inherited_genome",
    "construction_algorithm",
    "embryonic_construction_seed",
    "pre_gestation_checkpoint",
    "gestation_transcript",
    "post_gestation_checkpoint",
    "body_physics",
    "credit_implementation"
  ],

  "unchanged": {
    "stage_b_boundary": "locked",
    "product_version": "0.0.004",
    "r1_r2_r3_artifacts_and_decisions": "immutable"
  },

  "seed_partitions": {
    "note": "Fresh R4 partitions; R1/R2/R3 confirmation sealed; standalone credit branch stopped; preflight seed excluded from scored partitions",
    "excluded_seeds": [
      "exos_dev1_reference_birth_world_001",
      "exos_dev1_reference_birth_world_002",
      "exos_dev1_reference_birth_world_003",
      "exos_dev1_reference_birth_world_004",
      "exos_dev1_reference_birth_world_005",
      "exos_dev1_reference_birth_world_006",
      "exos_dev1_reference_birth_conf_001",
      "exos_dev1_reference_birth_conf_002",
      "exos_dev1_reference_birth_conf_003",
      "exos_dev1_reference_birth_conf_004",
      "exos_dev1_reference_birth_r1_world_001",
      "exos_dev1_reference_birth_r1_world_002",
      "exos_dev1_reference_birth_r1_world_003",
      "exos_dev1_reference_birth_r1_world_004",
      "exos_dev1_reference_birth_r1_world_005",
      "exos_dev1_reference_birth_r1_world_006",
      "exos_dev1_reference_birth_r1_conf_001",
      "exos_dev1_reference_birth_r1_conf_002",
      "exos_dev1_reference_birth_r1_conf_003",
      "exos_dev1_reference_birth_r1_conf_004",
      "exos_dev1_reference_birth_r2_world_001",
      "exos_dev1_reference_birth_r2_world_002",
      "exos_dev1_reference_birth_r2_world_003",
      "exos_dev1_reference_birth_r2_world_004",
      "exos_dev1_reference_birth_r2_world_005",
      "exos_dev1_reference_birth_r2_world_006",
      "exos_dev1_reference_birth_r2_conf_001",
      "exos_dev1_reference_birth_r2_conf_002",
      "exos_dev1_reference_birth_r2_conf_003",
      "exos_dev1_reference_birth_r2_conf_004",
      "exos_dev1_reference_birth_r3_world_001",
      "exos_dev1_reference_birth_r3_world_002",
      "exos_dev1_reference_birth_r3_world_003",
      "exos_dev1_reference_birth_r3_world_004",
      "exos_dev1_reference_birth_r3_world_005",
      "exos_dev1_reference_birth_r3_world_006",
      "exos_dev1_reference_birth_r3_conf_001",
      "exos_dev1_reference_birth_r3_conf_002",
      "exos_dev1_reference_birth_r3_conf_003",
      "exos_dev1_reference_birth_r3_conf_004",
      "reference_birth_excluded_preflight_20260820",
      "reference_birth_r1_excluded_preflight_20260820",
      "reference_birth_r2_excluded_preflight_20260820",
      "reference_birth_r3_excluded_preflight_20260820",
      "developmental_birth_r4_excluded_preflight_20260820"
    ],
    "training_world_seeds": [
      "exos_dev1_developmental_birth_r4_world_001",
      "exos_dev1_developmental_birth_r4_world_002",
      "exos_dev1_developmental_birth_r4_world_003",
      "exos_dev1_developmental_birth_r4_world_004",
      "exos_dev1_developmental_birth_r4_world_005",
      "exos_dev1_developmental_birth_r4_world_006"
    ],
    "confirmation_seeds": [
      "exos_dev1_developmental_birth_r4_conf_001",
      "exos_dev1_developmental_birth_r4_conf_002",
      "exos_dev1_developmental_birth_r4_conf_003",
      "exos_dev1_developmental_birth_r4_conf_004"
    ],
    "r4_confirmation_explicitly_preregistered_separately": true,
    "prior_confirmation_auto_inherit_forbidden": true
  },

  "run_identity": {
    "run_id": "exos_dev1_developmental_birth_r4_scored_20260820",
    "output_dir": "runs/exos_dev1/stage_a_developmental_birth_r4/exos_dev1_developmental_birth_r4_scored_20260820",
    "preflight_seed": "developmental_birth_r4_excluded_preflight_20260820",
    "attempt": "001",
    "device_policy": "cuda_required"
  },

  "forbidden": [
    "scored_execution_before_explicit_authorization",
    "substituting_r2_or_r3_metrics_as_factorial_cells",
    "further_tuning_stopped_standalone_credit_line",
    "auto_inheriting_r1_r2_r3_confirmation",
    "reopening_r1_r2_r3_confirmation",
    "changing_seed_partitions_after_this_lock",
    "inspecting_confirmation_worlds_during_run",
    "patching_runner_during_run",
    "cpu_fallback_without_prereg_amendment",
    "inheriting_world_specific_knowledge_in_genome_or_gestation",
    "runner_supplying_behavioral_correctness_to_plasticity",
    "stage_b_execution"
  ]
}
