{
  "version": "TM.0.14.FAMILY",
  "ex0s_under_test": "0.0.004",
  "earned_next": false,
  "ex0s_if_earned": null,
  "preregistered_claim": "A frozen developmental recipe generalizes across unseen generated life histories by converting experienced outcomes into provenance-sensitive contextual continuations in S, which persist across working-state reset and causally steer later behavior without contextual answers being supplied by the apparatus.",
  "ctx_encoding": "ksem-sha256-v1",
  "seed": 12345,
  "per_family": 12,
  "births": 3,
  "expected_n": 288,
  "develop": [
    "A",
    "B",
    "C",
    "D"
  ],
  "holdout": [
    "E",
    "F",
    "G",
    "H"
  ],
  "seed_jobs_sha": "be49d63e31a2568155a46e111618e215542f835ee76799657097696b92a65f4a",
  "generator_sha": {
    "A": "9b946699d8226441a27e94d2266869e0332c05b7a6d567d90d252851fda6f978",
    "B": "af529986d635dccb8ad97a470b2ecfb9ca13aca92d4ab6fcbe2aecd7e9f38871",
    "C": "33e36a3dad84d9252a009b4081fb25f13b0aab8b49e8a31f28e1191d51700b5c",
    "D": "f1e7290e97500ec905d1023f2e4b482f92c895a7b50499d0b31a6d671bad93b2",
    "E": "bc0693e704dfe78ed4a57936b1c9f2aff56a31894c50c56c34784560d9a18bd5",
    "F": "aeff021358148b511bee934ed544893bb8b0d4640cf71cdd6c43905facb86b2b",
    "G": "9a8c8d052907007aa7810d43fc0da9812aa4f8ea8a29f3f69c6a37c21b4e80fd",
    "H": "9b800d815595fbae8933feffff23b5cbe16a57d072ca23b4637800a0b3a1b290"
  },
  "scorer_sha": "1b90a4ea83865dbe07bcbfcc6267e859664068283010392b42228274d9474a40",
  "earn_gate_sha": "51bd5cc4ba0fee0284037a35854ccc746e2d1456431db24d2b1aa7d9a753bb5f",
  "run_one_sha": "a17d36f7e544318af96e7946b13de3d2bd9f9acb3063827e89b0262e6b44b667",
  "holdout_manifest_sha": "ee18b50eb694194a94e2a38ac3ee1e58ef952dfdb3c73266fc38429e1f37ae23",
  "holdout_per_family_sha": {
    "E": "ffd99c2e7a4eb6e93134f921678c29a03bb8aeb4d6c5bf67e4ad2d7bae192e3d",
    "F": "e07098cb9a5ab65fb34fa50e978e4167424beecffb4fc8224200d578389db720",
    "G": "7bb4171c29a9c6bdab7d397275550c56dce7b2a64b403be29ca0cd7e3d8eef5a",
    "H": "0e0c0fbeb86dac66a41f98bb34ee899dded654b69d6ff9d5ba614b7e999837da"
  },
  "holdout_row_shas": [
    "84cd7c79f0515a7d07febaafc8008c5b03a2b7663cad45ba89a2537a3e6c5a82",
    "26f33b94789189ea2f44265bca5086da09fc2bf8763e4cd10c9114dd0f47ef63",
    "7924339f7960a10d44547edd3de5dbe6510f8e5caa335011016cbf7998d78f9d",
    "53d8c0a925bd6c4a391c20a98d8dc75308d98c857c2992759fd5776bcec5fca7",
    "61cc9378237fd36b5f210e9e8c41ce9bc59b57b8002ba251365e14abe677cc17",
    "b0b79f3e7b7bb24d1c8922338b68c441b1ee96f024799d7af28f24195c4fa806",
    "a0d58dd3472489c3fc378500ce1c3959d7eb796f2c91acb4425228cbe1dd4259",
    "4d22a74304a25dc6d4eff90ff1990d38acd81542830fbff3256b620a550731e5",
    "04edb79908a8d2a5b4073032d332654caf95de8c038bdf18f61b0c3531992c47",
    "0cb47472db1b18c59dcb0133b2ccb28db072d59c4b6768ae6244ffd97f2957a3",
    "4dbf2cbfb744ec73258f86501b200810b22969b141c503fcc7720f99d3f12da3",
    "26a9c226be18e623e3149867e7760bdf48b1b0782d9f8ca783b32ca7c01f49e4",
    "c6d3191c945c2907f4f17ee0cfa19d467b53d1d7221471f3fa2e90ef5046f48e",
    "bb3c8ae5e1dc4259004eb7e46e20592c69eeeefc274dfd84543049d83e923ad9",
    "1915b94970c4d5b034d4313626d258b1bea2e0d3c5fb710e999204ea2499912c",
    "4d7af5c00ae52f7f12df80266c5bf599537ec0fa17ed9b3e4d7a23dfcb254fb3",
    "887dae5d5a47eb02079c8ea97c31d5e76e733e4d652a5cfbcd38ea9a272382b5",
    "d50a5685c99a74a6e2b7075515fe7197fdd595ebbc2d5b3bef366abab84f0144",
    "04ecb2a6daef029d058778b991e54323293cbf7ca98c59271edd7c6c780554f5",
    "7c968ba1a6d93c9341d3b5376e1ffa527a9d606fc7157aa3138b80aabcb2cb16",
    "79f01eafa1f7c36d974fbce58a2ca7df7aa213371b5da03958d37321414fca71",
    "ed95d11363c06bac4199b47cf7a4fdfb8ced78ce71d4b2a4d9d738bd3a9f13ed",
    "f1ac577e163655ec5c481fc0226fdcc0d4f562af0015e78e4f19c9d4d502e30b",
    "0a491cd5842b57f244693abc1d06d2211aa9543c0a005808aaf1e3f20910eaed",
    "e941e3168fa60c4767f56d564b7afdee1fd997e33be9355b30b13867c44e8e04",
    "c5b80fe01afa32540f80cfaabfb7a81f6d2a926238ba532c16e6f5726bc3e1bc",
    "bf3f16c604dbdfe85d922b0c159e16f6e24c3ed8c1e060656113ed2690967b84",
    "a31691868bad75194fb08382261e89a246bd09bdc961a8c2b6d72f5c9800130e",
    "43927a16d6b4e2132aba2464728270f0b9249630c2ae15179054da3e9fc1020e",
    "377daa42bf604818cb1d479276987f3e4daae8b2b08c9ab6a527be70ea78ec9d",
    "d2a7eebce10ab043a42184a93efa6b87ca5e44cd1d2cb6c0a1924b48893ed684",
    "32b9b6b1389084e5d59aa40abc05ad575aeebfd51187fe6dd4d57b30f5eb0cf9",
    "935d8b8a478032faebe60d4ab793226dea202b63c31bd3f301f678a96dfc5c1b",
    "74198f696f0864c1b0fd5e5dc51f15842f7cbfd3dd952990402760c44200ad25",
    "8388a6f59e4e7fe76b41b45b6820b3c958700b792e9e2a24af243d726df20d51",
    "d341fc89be2d482ccd8bb95e055c277e291405fde336cbda0808ef8cee9a3783",
    "0dfdf8d26d0465702df953111d202d7469d13bc27205364994009bdb16198ec4",
    "b8b1feec60c509e7054617ea28b94d9dc0118f3c4bcc2f0364021de0333c3a0c",
    "6e7a3291bf83d25b334b4eb855336713f1333fcbb6e228029576bc06b902bc11",
    "a1f45db0927bd13600abbeccabfa46048d46c8f9877bfff06cf723b0b96d8466",
    "97b9bd3b5350ddda9ed9e42cb75499e3f621903d1fbecfc6572b945d55dfb839",
    "3e1c05e72c7736fe012df0748fcf175d9b61d4f24c55aaf4e646223b71b77424",
    "e43bbe6552001a86ffbbdea7ab28906d00709f145cb2e5edab668fd46806fd8f",
    "81d498acd436160aac45c16febb366f2ab98a3f123d19c4aaeb296810ae209a2",
    "61e9990947e82a10e80cf33425684b529843e739956ef42e1be4bf3c553e1531",
    "50b4a47a76c11cb6306106588c3758bddefdab3a8641f9988cef43ca2e2978c8",
    "8f3076f9b10bc156cae85137cbf686f356428c6d4d68a07cf7eda2bb2bc5dcf7",
    "c81fc4e717564ce510ccea15597cebf307535deca9226e18459e4c2dd2328f2a",
    "1cf3ace99de5fe4c15f10eadc349063f8483622766274be512347b31f03d374e",
    "3b31ba4d10e1ecc08403b244b569df9ff0e3957cafd503e5a5fb1893f4198186",
    "32cadf7c2d393b08ea6a240018b2aebd5a6a386d3c2053741c090fd9d6c181e7",
    "9613e05564b8627cf4d35c933a60ebbc7c952cda333ad2b0a18d1d4cefd6b095",
    "c48bb2841973438f3020b1157cc0ef94bf539af0bb4ac8c0f9970461597ad63e",
    "be45114a4fbee2615725a1c03de678252c7c26e4c04d14ec7a9068cd4e4c715d",
    "6eaa2fa6824c80e250eb5fbd41f4d8fdbda8e2500c9e04f10b0856782c48bdd0",
    "ef35037abb6209114137715d7684f665066fc6d5390789e9975e6cf183a741b9",
    "f1f3ea34568f65f860bd4f69466b6a73cb7cf457da7c1e67b6659bfacb0f35ab",
    "757b9a7795e602cb5bc269ee19467f0d9d362e55043a7caabac2eae88a9da1c0",
    "a62291508d268e87329ae86a63319e263704b25765be10d19af23609d8364551",
    "b656a5dba394003f0e934ca5572afc301407502b984b8d4629698e57f5542ed3",
    "54fab538ef916c058d6767c52b7fffbbcb470a74ffde9a56736176f611db01b4",
    "c511557ae40ee22472d66ada2749100cd716b7964e3c7ddfddc47003222cbd4c",
    "1d79bfd4f895b49ec4ee8f2e1fd69213560d50276b417461ee87984412e06b04",
    "58eacfbc9e6628b34d878bf84a57a544eb33b586572d4810c10fa8b26af0f0cb",
    "41fb91b013ad1e0fd140d8743570c1ff04beaaeb7d65ec755352261c569be16d",
    "06d7e52b98446787bd2c88b38c083a435a9dd37115221d4e8de823ac2a4d7f29",
    "fe7143da1e1db725f7f8cf705e89e40d7708354d9a551a460e881dbb9a87384c",
    "16349d0a6abe4cb23fa47fab15a3a8c2aa991d0370566296732d9ed737bdc1f4",
    "c3d35bc578ab0d64c82e4ce8f1af441b8a6d673b2977431c1567f7742b1f053b",
    "f122dc3f6e2b58eba3c2af30a2d577bb456ff2516b4088380684e2910194aeaa",
    "099cba6dc345297eb0c7958bdf82e02b6504c54a2e0818d9cdbe24df63d6c151",
    "7976b77d9dee1299fe913f5b00cb03c72ac21cba2f7e389b37d12f9127f8e665",
    "dc7e2c309a1d8a1453f571f91c39ed1030bdc9d3ee0bb8d13070586b827b9c3a",
    "5e1601309a75491d19cfb672fcf6ca9be86f3a0c8d91f3cddfb8bbf61b97cdbf",
    "92fcaba54d15e6d925cdcd958d6615d8d2be83ad87d3e83a9a846074a3265c0d",
    "1ad930db0d78785e6a405aa45bb5829a7e59f6c457986ae08c3c6e6b3be40f73",
    "00b39ee43ecb570d2a5747e32b7377f429c8ce8e21850cfc8bebe3b523b32712",
    "306cc0e5d8f8686407aa3bffabecbd35587bba3092dba30ecca94d1dd81d7257",
    "7a64c0f57fb6c54c2359da344ed0bd9619b437cf52e0f87c736369d41bef9706",
    "c00602a3f6ce17d72719ba27f3cf909f11fa88272a24f520ee855abfc2aaca23",
    "bd1ad5ec6b41959a72a313f5f338f0e264dc53c9f35d26af02f6a908bacd8f06",
    "78496c76d8109fd95b1e7aca9ea8d3f74a2543338c5b2200428c0dc8968d7db7",
    "e2f0d5e86cccdb0940a150ad3a8615260a269629e41838722d9f13ddd2490c86",
    "7128a80cddbdccf9719817396e4ce253832cc3e90817927d2208a179e0815cf6",
    "00c3b15f0e8fdf60a3a61bfbc04bb9487c12067a7ca6798098da117b4de555a4",
    "543060f6e9e6625d1a4eb586e6ea25e3dfe7126eafabbeada7bc7e19cb78e4a9",
    "02a972704322dd295c9239d148ec884685350f73cf9fb6ad5611ffcdbf7e3695",
    "531319ac7aa2fbdcb23f45c34801fbcf8b5fdc44aa3f3a055011cdc745870b00",
    "046a42a63b7dd0d166ed87fb1a632084629a932a9ffa70ba170a0fc71026396b",
    "9506b3f176ae65901665eeed2874d020f13614ec6b4f74d4fa98f1f43d581b56",
    "c85686afe763bc5b17ec6bd86c05fad2ee530582c6b9ad5243a8002154d35612",
    "4320738828f2d9b44aa654e32a9be14029fff001c69d4730717f8fce1d531fc8",
    "0ac56502ec1291dc1a65c287b47cb8d01771114d149cf67f37c7deaf65f596e3",
    "2222cc610b9fe71c3eca14daee9992294a8f0fa902871fce2987ba39ea82aa89",
    "1f3c2124f4a2b38f04463fc24d9419fc50dbe227bb8ba3643c197e3ddacf98aa",
    "202094779c268a1cfd1ad92154788d76591a47e4af243c0dbfdcc792bdb09eda",
    "bf5a8d6e06c265837afd3cd407cb45f370002bb46866a5c81f685129dff6dc8f",
    "bd88a04cfab3999219202499cbb0f3055c9eecebb4d7be9a9dce55e68da3a03a",
    "bd7f00cde07c7a6f9a936bad6142ef5a4437b8c2a8cc94f375209d6ac8f4f1f0",
    "c3d8a7ca3ba3305937dbb387cddc8b00def47a04f7ab39c292d448d04323b39b",
    "3b33d3d9c226133c56f5feb0b674c55c4ce846c91f6449a14da546852c7654ff",
    "744bc50c68636a7a25a40afde0b8220acfc0b97e1fde66aad1a07a03db5a9c0c",
    "a899fb6c926ab1d27a6691ca2306e5b5c7340707b8459f4f087a78e80f2b2dc4",
    "593ab71dd276290b1038fed138ef10e887cc98a75a2344b4f9915d976289a1fb",
    "030199a40e6cf6f399941abec87d76f43c3f78695c3f6fbf1cfa17939b3b326e",
    "dc39288cf552426405a9f49d09d1ec11c35f3300c691035135c9463033f22135",
    "0d10512ffee3d240e5b7ecda57db826e6af9797d823d46d72d137121da5f7c41",
    "8b38e764c2ed3098f7a861fce4ae79a78df5080219327e6095fe7edd655b9946",
    "e70b974dc49947f0ada30106649607dbe2f4976feb69115af129b7b1f097a27f",
    "fc58f6411ccbb2a0b4ee2a75ef9aafddbf20441e3b19f767eb75efa0252e511d",
    "fac36625326fec5eb0583c92fa3a98e4af7d984c03f8f6fdc50c5f813cbd21f8",
    "8514933d45f7af8ddd20d918b9a85f8cd905e016ae27db8529ee2c82306519c5",
    "e4d166706748a640ddfdec72a20c6af80c87222e615c977f85d1da96ae8d038d",
    "18623eb0e1bf757a5d96b9420b87572b6d0f5041e6575ec2cfab1b4e107ae5d8",
    "c545c93748ca5e8e616fa4de64e26377bff350d413b828822c41c0b67819b698",
    "d27b148ca8dcbc9ad766144f6eba76b4c18462e806848b56d969857ea07737ee",
    "e34610b2d1e417b5ddebb45671247eca7140a5f4bb2cff6170ed1ceed9a93789",
    "04e477899d9bcc0056315a80e723b0c72b646d59f124ee5de53dcd14345aaea0",
    "b127308ef9db9c8dff753909bb850b1afb01d651dcedd59775055c30c80b1e93",
    "22250e354a85418b34978ce251bbe3fc946f23c66401b1a93f4b1d2a12fd443c",
    "7b91fa6834fd58add575998b6a1399bdd4a3fe68a4d48e52663c862914eb8e0f",
    "c4358fa560332f53841860d7f4ed5ea2bc60165805afa1ddd6417be9098d70a8",
    "508c8faf74be0370495f6f5bf395e8955e07fcd3781acd1d4212d105c9905339",
    "00b4df4e0dc1ce02b16eb9ca97af000e98bbf1c3f7189006bc03d62d88c86976",
    "d6b5a8f67ae0e2087e270e08b70ba7acccb7dc3160398c74abca5c5db141f60f",
    "fbf757f25bb8acbd696a8d363fdafd6c289cb5178edb8b53245212ce30fe562d",
    "c3d4542bc11fd1de2d86f39b8ba63eeef1baedb4cbbb35e4913444b1cab9e881",
    "1f20ace7a446bd97b26f32315b65db0fb02c5aa2d5b67310f9c511f3b033b866",
    "9dfd2af578ae8145babd50e3ec4e686c33c02577002fd674fa29bd4c32de5249",
    "367dfafe0ee30eedccd425af9e59e2ba7abfb6cd44632233c78d6eb7a561ea63",
    "0eebfed5f161c168fe6fb34fab658331cabd920e71d31a0b19409789016030f1",
    "98fa8431ebc7ed28a214e7516c3febf2dfd440b6f092f1302797ee624eb0dbb9",
    "0f54d8655402a04a50f6274b6a2a4c8f807789db143e59d3a2141563c36bc56a",
    "814e802012c23609d6887bcafc473ddb8876ce5c93d3c15e24e3d6f880731d6a",
    "e69e18b5b398ecabfe1c94b719b6bf717c127f599c40c9091cbeeae7dcba1f41",
    "ee6ff74849fd51ef31b45e426afbf55b2859f8f25ba7c479f3406970702be23b",
    "dda2a88f2ff51dc1c62ca699e1d44aa2fe6b5b7d9473ee30c5f7d92ca5549301",
    "d365854b942b38b2c9f8c8624e33a3cf96b485e1b6ac3a320e9e4c433695b14e",
    "3c9510677a559c9bc420c0b2058b2df70dbc85b8ce2efa2831ea1dcb092a6e89",
    "3e910903a85bd6ce79317abcb4d74949086fb30f0b45223b6dd980bf32621085",
    "54c128cfd7e264770b33261b8be0241fd758840f1762262be13c1e32baa70eee",
    "ab28c592712da65868055c18ea02509e4e1c76d173a004900ee8657e9306d029",
    "0a818964306090c638ae3b54ea73e614bdf7887a8b44584b17e8035b6f92d308",
    "2327c13601e67cad7eb3c1046960efd347fdfd4795df883cd6fe862161036a58"
  ],
  "n_holdout_worlds": 144,
  "genome_014_lock_sha": "1384287f70515a681e2cdfd4ccc1267fb6f18764d24b3619b7e6a6612bab3174",
  "acquire_014_lock_sha": "e6fbe36852411e9c687565e54088d464efc69d6a766fe79186b5d5461c4d9383",
  "kappa_013_lock_sha": "b76bd594c9e9fae6cc30b99c48879fe2bd6981326460b4c65683f218a710ad9a",
  "genome_013_lock_sha": "afc4df41647d11c1506349500e1f22ba7f32c566608f57defee461ef9c2e4e0f",
  "genome_011_lock_sha": "e4202d8402ac2f734a8af922898dfd68ec215f2824470d49ebe9217c534ede92",
  "global_measures": [
    "birth_no_ctx",
    "authored_after_life",
    "persist_rho",
    "persist_newborn",
    "strip_experience_hold",
    "no_apparatus_ctx",
    "weights_stable",
    "genome_delta",
    "no_shortcut_writes"
  ],
  "branch_measures": [
    "donor_transfer",
    "counterfactual_life"
  ],
  "refuse": [
    "behavioral contact with E-H before canonical run",
    "invent lives in scorer after peek",
    "apparatus ctx planting",
    "teacher supplying Y/kappa/path",
    "mid-life stash to remake lived kappa",
    "LOOKAHEAD",
    "pre-name Ex0S product version",
    "claim full skeleton acquisition from life",
    "claim organism chose open-ended experiences",
    "rewrite genome_014 / acquire_014 mid-holdout after E-H peek"
  ]
}
