{
  "version": "TM.0.24.PERSISTGATE.ISOLATION",
  "lab": "TM.0.24.PERSISTGATE",
  "product": "0.0.004",
  "earned_next": false,
  "ex0s": null,
  "eligible_for_000005": false,
  "reason": "COLLISIONMAP localized S6 to one transition: observable-state ρ is A/B-distinct; one zero-input motor tick makes ρ_elig A ≈ ρ_elig B. Cue identity exists before the motor loop and is destroyed before action selection and credit. Rank-6 and ridge interpolation do not weaken that diagnosis. Credit-historical-ρ-only would leave the live readout collapsed.",
  "collisionmap_decision": "docs/lineage_collisionmap.decision.lock",
  "collisionmap_decision_sha": "b439a2ba1c5eb92c38fabb4724eafd9f134395ea7e093e61ea68c4f4ef01b134",
  "candidate": "docs/cortex.candidate.v29.lock",
  "n": 64,
  "investigation_justified": true,
  "implementation_authorized": false,
  "historical_immutable": [
    "docs/lineage_engine.candidate.lock",
    "docs/lineage_wall.lock",
    "docs/lineage_wallmap.decision.lock",
    "docs/lineage_reach.lock",
    "docs/lineage_plasticitymap.decision.lock",
    "docs/lineage_actorcredit.lock",
    "docs/lineage_actorcredit_reach.lock",
    "docs/lineage_statemap.decision.lock",
    "docs/lineage_collisionmap.decision.lock",
    "docs/cortex.candidate.v28.lock",
    "docs/cortex.candidate.v29.lock"
  ],
  "refuse": [
    "neural edit this package",
    "authorize residual or leaky or gated recurrence now",
    "credit historical rho only",
    "increase n",
    "semantic channels",
    "direct reward",
    "structural growth",
    "L0-specific circuitry",
    "reveal QUAL/EVAL",
    "reveal FULLDEV.R7",
    "another lineage run",
    "Q3",
    "stamp earned_next",
    "stamp 0.0.005"
  ],
  "next_cycle": {
    "name": "not_authorized_this_package",
    "requires": [
      "separate later freeze if an amendment is authorized",
      "smallest generic persistence class first if authorized",
      "must not know cue identity, handles, reward, or task roles",
      "live rho_elig distinctness and live opposing rankings",
      "STATEMAP / HOLD / birth / consolidation / rename twin remain valid",
      "newly committed reachability before lineage",
      "n remains 64"
    ]
  },
  "note": "Historical locks immutable, including COLLISIONMAP. Product remains 0.0.004."
}
