{
  "version": "TM.0.54.PROV.DECISION.ADDENDUM",
  "product": "0.0.004",
  "earned_next": false,
  "eligible_for_000005": false,
  "rewrite_historical_decision": false,
  "rewrite_historical_dev": false,
  "rewrite_historical_prereg": false,
  "rewrite_frozen_runner": false,
  "rerun_dev": false,
  "install_W_star": false,
  "extend_socp": false,
  "new_decoder": false,
  "candidate_v41_lock": false,
  "kqv_edited": false,
  "decoder_retrained": false,
  "episode_match_l2_retuned": false,
  "force_cue_into_value": false,
  "historical_decision_lock": "docs/lineage_provenance.decision.lock",
  "historical_dev_lock": "docs/lineage_provenance.dev.lock",
  "historical_prereg_lock": "docs/lineage_provenance.prereg.lock",
  "historical_decision_sha": "9ac7a14f6776c04a9bbfe6f4f44418e4f28d830b6b5e49514deba6a34f5f393e",
  "historical_dev_lock_sha": "0f16bdbd3a068d788e138df0545ed0aa1e395c6875ce4b5ec365405412a05543",
  "historical_prereg_sha": "a25acc9db7e03aae3941fb8d7aacbf49302cc7201e32c58d54b2efca8a3d5ba8",
  "frozen_runner_sha": "cbfe1c37de4532141d2e770ae03b2d50a32f720276fe6f2064c9a7f7b4ee685d",
  "frozen_neural_sha": "2ba95d71f2893cf0c2b3069836b6fbe1ff4840d2d746331e47b9a38650475c63",
  "joint_socp_sha": "ed651a51f8de6cc6ec1d8285c43846c99b47b751ddfea59d3c26db1d63fcc895",
  "historical_git_head": "3e8d7315151b23659e33120c8bf586b76e5566aa",
  "historical_n_cells": 6,
  "historical_decision_code": "state_generator_mismatch",
  "frozen_first_match_unchanged": true,
  "canonical_state_generator": "write_time_last_p1",
  "frozen_wrap_role": "diagnostic_prediction_of_future_encoding",
  "frozen_wrap_is_not_canonical": true,
  "interpretation": "choose_write_time_last_p1_as_canonical",
  "scientifically_valid_organism_result": true,
  "architectural_conclusion": "none",
  "value_need_not_carry_cue_context": true,
  "k_is_cue_context_identity": true,
  "v_is_action_experience": true,
  "law": {
    "k_t": "W_k rho_cue_t",
    "v_t": "unit(rho_post_feedback_t)",
    "captured": "at_event_time",
    "stored": "historical_memory_trace_in_S"
  },
  "why": [
    "write-time last P1 is the only state the organism possessed when the experience occurred",
    "a frozen wrap from a later checkpoint is a counterfactual reconstruction by a more developed cortex",
    "using the frozen wrap as canonical would let future weights reinterpret a past event",
    "that would replace what was stored and change historical memories without explicit consolidation",
    "that conflicts with causal provenance in S"
  ],
  "audit": {
    "n1_hold_matched_pin": true,
    "n1_train_mismatched_because_frozen_dev_probe": true,
    "first_mismatch_site": "frozen_dev_probe_vs_write_last_p1",
    "action_invariant_frozen_wrap_remains_diagnostic": true,
    "do_not_force_context_into_value": true,
    "do_not_retune_episode_match_l2": true,
    "next_wall": "TM.0.55.DRIFT"
  },
  "refuse": [
    "edit experiments/run_tm054provenance.py after freeze",
    "rerun TM054 DEV",
    "treat frozen wrap as canonical",
    "regenerate historical values from a later checkpoint",
    "retune_EPISODE_MATCH_L2",
    "install_W_star",
    "force_cue_into_value",
    "tune_kqv",
    "auto_cortex.candidate.v41.lock",
    "earned_next",
    "0.0.005"
  ],
  "note": "Audit of the frozen TM054 wall. First-match remains state_generator_mismatch. Canonical generator is write-time last P1. Frozen wraps stay diagnostic. Product remains 0.0.004."
}
