{
  "version": "TM.0.46.ONESHOT.DECISION",
  "product": "0.0.004",
  "earned_next": false,
  "eligible_for_000005": false,
  "decision": {
    "code": "generic_reinstatement_fail",
    "then": "generic_reinstatement_fail",
    "phase_flags": {
      "n_cells": 34,
      "candidate_v41_lock": false,
      "kqv_edited": false,
      "slow_cortex_enabled_is_observational": true,
      "opaque_projection_is_observational": true,
      "necessary_cell": null,
      "separate_candidate_review_open": false,
      "earned_interface": true,
      "earned_kqv": false
    }
  },
  "dev_lock_sha": "68088c1728e9c3367c5cd30bd88b7adc8df30502afa7db3d5a1546b13fa6110d",
  "git_head": "ee1102d4e36c00adc69220d61d17e3493673d9dc",
  "frozen_runner_sha": "8dbadd143f0fed629496a70c9d6288e60c65301fadd392cab6e3d77ea0b5d6b0",
  "candidate_v41_lock": false,
  "kqv_edited": false,
  "note": "TM046 one-shot fact retention. Product remains 0.0.004. No K/Q/V tuning. No cortex.candidate.v41.lock."
}
