{
  "version": "TM.0.57.DUAL.PREREG",
  "lab": "TM.0.57.DUAL",
  "product": "0.0.004",
  "earned_next": false,
  "ex0s": null,
  "eligible_for_000005": false,
  "capability_claim": false,
  "neural_edit_authorized": false,
  "kqv_edit_authorized": false,
  "decoder_edit_authorized": false,
  "solver_edit_authorized": false,
  "install_oracle_authorized": false,
  "extend_socp_authorized": false,
  "episode_match_l2_retune_authorized": false,
  "canonical_law_reconsider_authorized": false,
  "v41_candidate_authorized": false,
  "n_dev_repeats_increase_authorized": false,
  "package_question": "Do attempted write-time values generalize forward, do organism-available residents generalize forward, and does P1 replacement at 0.05 preserve opaque cue/action identity?",
  "authorized_by": [
    "docs/lineage_epprov.decision.lock",
    "docs/lineage_epprov.decision.addendum.lock",
    "docs/lineage_write_time_law.lock"
  ],
  "canonical_state_generator": "write_time_last_p1",
  "v_t_is_episode_write_argument": true,
  "resident_value_is_what_S_retains": true,
  "tm056_decision_code": "replaced_under_write_law",
  "tm056_interpretation": "tm052_selected_surviving_records",
  "tm056_decision_sha": "179b6f15986b4d99eeed81790771c371c6ce656ddc3d89376dd3a672a60c00be",
  "tm056_dev_sha": "793429c7eada8b768433c467266548168c003bbd3f9819ceb634c06944355ad4",
  "tm056_runner_sha": "8e89a96393ed2543247d9de3f7a8a019073e62e948d8f94d09c66b09644be656",
  "tm056_prereg_sha": "d8a0b51c85d0ea7264266ab4d3805020522a6ccfcd4de40239c9bd1250dcdfb5",
  "tm056_addendum_sha": "3ba67414bfbd8c054c2b7478479d3f7faa7fdf0ec7f7c8a52651ad4971282f17",
  "write_time_law_sha": "73f96668385282fc29a0bcf0c28e17c484ac1e51a473aa183f4b6fa148c9d068",
  "tm055_decision_sha": "9040428ebadb8cc0e692eca3825dc74d4f52539ba4207ec19f9748eacca69caf",
  "tm055_runner_sha": "23a3002029560e6a83d5ae5646e5631101fee6b89981e8cd814688e87f9a392b",
  "tm052_runner_sha": "36c119262be5a7b2e186b22d3a5e37ffc4e27c4706249156562905f7d025abeb",
  "tm051_runner_sha": "f73c8671db2f3bac6f6b4e22eb08687d933559e476d5c2adb2ff4c879c230706",
  "tm046_runner_sha": "8dbadd143f0fed629496a70c9d6288e60c65301fadd392cab6e3d77ea0b5d6b0",
  "joint_socp_sha": "ed651a51f8de6cc6ec1d8285c43846c99b47b751ddfea59d3c26db1d63fcc895",
  "neural_cortex_sha": "2ba95d71f2893cf0c2b3069836b6fbe1ff4840d2d746331e47b9a38650475c63",
  "n": 64,
  "n_handles": 4,
  "n_facts": 4,
  "n_worlds": 2,
  "n_setup_cells": 2,
  "n_scored_cells": 16,
  "expected_n_cells": 18,
  "n_dev_repeats": 4,
  "n_online_repeats": 8,
  "n_rest_ticks": 8,
  "episode_slots": 8,
  "n_grid": [4, 8, 16, 24],
  "arms": ["attempts", "residents"],
  "unique_cues_per_event": true,
  "setup_excluded_from_behavioral_first_match": true,
  "seed_registry": 404900057,
  "forbidden_seeds": [22222, 404000039, 404200040, 404200042, 404300043, 404400044, 404500045, 404600046, 404800048, 404900049, 404900050, 404900051, 404900052, 404900053, 404910053, 404920053, 404930053, 404900054, 404900055, 404900056],
  "domains": {
    "DEV": "TM057.DUAL.DEV.",
    "TWIN": "TM057.DUAL.TWIN."
  },
  "install_W_star": false,
  "discard_every_W_star": true,
  "side_effect_free": true,
  "floor": 0.05,
  "canonical_law_unchanged": true,
  "kqv_not_tuned": true,
  "n_dev_repeats_not_increased": true,
  "n_is_organism_constant": false,
  "manifest_sha": "5e370740191417e33d1fa75279367a43f78c8f74941d670f8b21973e2aee28a1",
  "decision_ladder": [
    {"code": "setup_precondition_fail", "when": "ordinary reference-action decoder is not 4/4"},
    {"code": "storage_integrity_failure", "when": "a refresh or P1-match replacement crosses action identity"},
    {"code": "cue_addressing_collapsed", "when": "a same-action refresh crosses cue identity"},
    {"code": "prefix_infeasible", "when": "the first action-balanced attempt cycle plus references is infeasible"},
    {"code": "representation_drift", "when": "attempt prefixes do not decode later attempted v_t"},
    {"code": "storage_selection_capacity_wall", "when": "attempts generalize but resident stores do not"},
    {"code": "grounding_consolidation_plausible", "when": "both attempted v_t and resident stores generalize"}
  ],
  "refuse": [
    "tune_kqv",
    "install_W_star",
    "retune_EPISODE_MATCH_L2",
    "reconsider write-time law",
    "identify target by episodes[-1]",
    "identify target by handle lookup",
    "identify target by live _last_p1",
    "edit three_memory/neural_cortex.py",
    "edit experiments/run_tm056epprov.py",
    "rerun TM056 DEV rewrite",
    "auto_cortex.candidate.v41.lock",
    "earned_next",
    "0.0.005",
    "runner_edits_after_freeze_push"
  ],
  "note": "Dual-tape drift wall on attempted v_t vs resident S. Product remains 0.0.004. Floor 0.05 unchanged.",
  "frozen_runner_sha": "1f1ee4b8d4d2da7893622d8692a91b3912ed7130f9a868dffe02fc19d5cd8f61"
}
