{
  "version": "TM.0.24.DISCRIMMAP.R2.ISOLATION",
  "lab": "TM.0.24.DISCRIMMAP.R2",
  "product": "0.0.004",
  "earned_next": false,
  "ex0s": null,
  "eligible_for_000005": false,
  "reason": "Historical DISCRIMMAP DEV used a runner with hidden scoring degrees of freedom. R2 pins hard-margin infeasibility, D2 encoding/intercept/normalization, D3 online law, and D4 RBF γ/λ on unused worlds. Not a neural amendment. Not a rescore of TM024.DISCRIMMAP.DEV.",
  "historical_discrimmap_decision": "docs/lineage_discrimmap.decision.lock",
  "historical_discrimmap_decision_sha": "183b9a5f582f2c645adfe2df1424af92072255a59ad0cf8ec6358325f42083b0",
  "historical_discrimmap_dev_sha": "4c0c8677e7e95f18b9adaa788ec941f5cf17cb62bc486bca4099a1f2b5dcea13",
  "historical_discrimmap_runner_lock_sha": "ae0dd8752341b2b727453010bcef6b380425b03a59c36c7c788bb40c7cff8c88",
  "addendum": "docs/lineage_discrimmap.decision.addendum.lock",
  "candidate": "docs/cortex.candidate.v30.lock",
  "candidate_v30_sha": "4992ad0206916c17d7723fcbf22d9f8e1ad7e90d55497d80ee791d16c559856c",
  "n": 64,
  "investigation_justified": true,
  "implementation_authorized": false,
  "neural_edit": false,
  "eligibility_budget_installed": false,
  "rescore_historical_worlds": false,
  "historical_immutable": [
    "docs/lineage_engine.candidate.lock",
    "docs/lineage_wall.lock",
    "docs/lineage_wallmap.decision.lock",
    "docs/lineage_reach.lock",
    "docs/lineage_plasticitymap.decision.lock",
    "docs/lineage_actorcredit.lock",
    "docs/lineage_actorcredit_reach.lock",
    "docs/lineage_statemap.decision.lock",
    "docs/lineage_collisionmap.decision.lock",
    "docs/lineage_persistgate.prereg.lock",
    "docs/lineage_motorpersist.decision.lock",
    "docs/lineage_writegeom.decision.lock",
    "docs/lineage_eligmap.decision.lock",
    "docs/lineage_eligmap.dev.lock",
    "docs/lineage_discrimmap.prereg.lock",
    "docs/lineage_discrimmap.isolation.lock",
    "docs/lineage_discrimmap.runner.lock",
    "docs/lineage_discrimmap.dev.lock",
    "docs/lineage_discrimmap.decision.lock",
    "docs/cortex.candidate.v28.lock",
    "docs/cortex.candidate.v29.lock",
    "docs/cortex.candidate.v30.lock"
  ],
  "refuse": [
    "neural edit this package",
    "install D1-D4 in NeuralCortex",
    "declare v31",
    "declare v32",
    "increase n",
    "install 1536 eligibility budget",
    "rescore historical DISCRIMMAP worlds",
    "automatic soft-margin fallback",
    "sklearn",
    "treat N1/N2 as eight-cue capacity",
    "instincts",
    "SFNN cell classes",
    "lineage evolution",
    "reveal QUAL/EVAL",
    "reveal FULLDEV.R7",
    "another lineage run",
    "Q3",
    "stamp earned_next",
    "stamp 0.0.005",
    "rewrite historical locks"
  ],
  "next_cycle": {
    "name": "discrimmap_r2_runner_only_dev",
    "requires": [
      "this freeze on origin/main before DISCRIMMAP R2 DEV lock",
      "unused TM024.DISCRIMMAP.R2.DEV. / TWIN.",
      "normalized geometric margin 0.01 frozen before DEV",
      "hard-margin infeasibility explicit",
      "D0-D4 runner-only",
      "n remains 64",
      "lineage remains closed"
    ]
  },
  "note": "Historical DISCRIMMAP locks immutable. Product remains 0.0.004."
}
