{
  "version": "TM.0.53.COVER.ISOLATION",
  "lab": "TM.0.53.COVER",
  "product": "0.0.004",
  "implementation_authorized": false,
  "neural_edit_authorized": false,
  "kqv_edit_authorized": false,
  "decoder_edit_authorized": false,
  "solver_edit_authorized": false,
  "action_feedback_edit_authorized": false,
  "install_oracle_authorized": false,
  "extend_socp_authorized": false,
  "n_dev_repeats_increase_authorized": false,
  "n_as_organism_constant_authorized": false,
  "v41_candidate_authorized": false,
  "domains": {
    "DEV": "TM053.COVER.DEV.",
    "TWIN": "TM053.COVER.TWIN."
  },
  "historical_immutable": [
    "experiments/run_tm046oneshot.py",
    "experiments/run_tm047reinstate.py",
    "experiments/run_tm049actfeed.py",
    "experiments/run_tm050feedgeom.py",
    "experiments/run_tm051fbground.py",
    "experiments/run_tm052sharefeas.py",
    "docs/lineage_sharefeas.dev.lock",
    "docs/lineage_sharefeas.decision.lock",
    "docs/lineage_sharefeas.prereg.lock",
    "docs/lineage_sharefeas.decision.addendum.lock",
    "docs/lineage_fbground.dev.lock",
    "docs/lineage_fbground.decision.lock",
    "three_memory/neural_cortex.py",
    "three_memory/joint_socp.py"
  ],
  "runner_may": [
    "import frozen TM051 ground_one and TM049 credit_tagged",
    "import frozen TM052 SOCP scoring helpers",
    "call solve_min_change_socp without writing W_act_query",
    "score W_star off-line with the organism predicate formulas",
    "assert parent W_act_query hash unchanged"
  ],
  "refuse": [
    "tune_kqv",
    "train_new_decoder",
    "install_W_star",
    "extend_joint_socp",
    "increase_n_dev_repeats",
    "fit_N_as_organism_constant",
    "edit three_memory/neural_cortex.py",
    "edit three_memory/joint_socp.py",
    "edit experiments/run_tm052sharefeas.py",
    "rerun TM052 DEV rewrite",
    "rerun TM051 DEV",
    "copy_handle_into_S",
    "runner_constructs_rho_k_v",
    "auto_cortex.candidate.v41.lock",
    "earned_next",
    "0.0.005",
    "learned_opaque_addressing_on_this_wall",
    "runner_edits_after_freeze_push"
  ],
  "note": "Side-effect-free grounding-coverage curve. Product remains 0.0.004. No neural edit."
}
