{
  "version": "TM.0.24.LINEAGE.V27_DEFAULT_COMPAT",
  "product": "0.0.004",
  "earned_next": false,
  "ex0s": null,
  "eligible_for_000005": false,
  "neural_cortex_sha": "2b563a9c5de3ec8b411121bd5518c09f49f422f44108138ec34a1d5708c98d2e",
  "cortex_memory_sha": "fc3942efaffb8b18e891c545510aa4949b52c86c773c707036bbc6d162fe35d7",
  "ancestor_neural_sha": "71bece5917893fae03c3a95c276cf93bc0e34fce6a7bfb6a99adf093bb7ebc08",
  "C4": {
    "ok": true,
    "why": null,
    "id": "C4_consequence_swap_timed"
  },
  "C5": {
    "ok": true,
    "n_trained_beats_frozen": 32,
    "mean_delta": 0.21484375,
    "id": "C5_plasticity_necessity"
  },
  "C6": {
    "ok": true,
    "why": null,
    "id": "C6_no_consequence_population"
  },
  "phrase_replay_absent": true,
  "note": "make_cortex() with lineage_params=None. REST not invoked. Age scales default 1.0."
}
