{
  "version": "TM.0.24.CONVERGENCEMAP.ISOLATION",
  "lab": "TM.0.24.CONVERGENCEMAP",
  "product": "0.0.004",
  "earned_next": false,
  "ex0s": null,
  "eligible_for_000005": false,
  "reason": "TRACEBRIDGE found P1 oracle-separable and not usable by frozen one-pass online rules. CONVERGENCEMAP asks whether revisiting those P1 examples removes the eight-cue wall, or whether covariance-aware memory is required. Runner-only. Exact P1 bridge. No neural edit. No W1. SCORE unopened. No trace candidate.",
  "tracebridge_decision": "docs/lineage_tracebridge.decision.lock",
  "tracebridge_decision_sha": "284968d782c73727a2de8b34e24461bf75a236f7cc6d07770e9d39529fc038a1",
  "tracebridge_addendum": "docs/lineage_tracebridge.decision.addendum.lock",
  "tracebridge_addendum_sha": "f1bdaa606dc21779bae73b63be139fa8282a788c9a4261c4c87fe9cd961f7eb0",
  "interpret_historical_as": "p1_not_usable_by_frozen_one_pass_online_rules",
  "candidate": "docs/cortex.candidate.v30.lock",
  "candidate_v30_sha": "4992ad0206916c17d7723fcbf22d9f8e1ad7e90d55497d80ee791d16c559856c",
  "n": 64,
  "investigation_justified": true,
  "implementation_authorized": false,
  "neural_edit": false,
  "w1_resurrected": false,
  "eligibility_budget_installed": false,
  "trace_rows_installed": false,
  "write_geometry_branch_closed": true,
  "historical_immutable": [
    "docs/lineage_tracebridge.prereg.lock",
    "docs/lineage_tracebridge.runner.lock",
    "docs/lineage_tracebridge.dev.lock",
    "docs/lineage_tracebridge.decision.lock",
    "experiments/run_tm024tracebridge.py",
    "docs/lineage_phasemap.decision.lock",
    "docs/lineage_writegeom.decision.lock",
    "docs/cortex.candidate.v30.lock"
  ],
  "refuse": [
    "neural edit this package",
    "declare v31",
    "declare v32",
    "resurrect W1",
    "D5",
    "increase n",
    "install 512 event-end rows this package",
    "install 1536 eligibility budget",
    "open SCORE",
    "instincts",
    "SFNN cell classes",
    "lineage evolution",
    "reveal QUAL/EVAL",
    "reveal FULLDEV.R7",
    "another lineage run",
    "Q3",
    "stamp earned_next",
    "stamp 0.0.005",
    "rewrite historical locks",
    "learning-rate grid on passive-aggressive",
    "open a trace or neural candidate before this diagnostic"
  ],
  "next_cycle": {
    "name": "convergencemap_runner_only_dev",
    "requires": [
      "this freeze on origin/main before CONVERGENCEMAP DEV lock",
      "unused TM024.CONVERGENCEMAP.DEV. / TWIN.",
      "n remains 64",
      "act_score_mode remains query",
      "lineage remains closed",
      "write-geometry branch remains closed",
      "no trace or neural candidate"
    ]
  },
  "note": "Historical locks immutable, including TRACEBRIDGE. Product remains 0.0.004."
}
