{
  "version": "MEMLANG-1.ISOLATION.ADDENDUM",
  "product": "0.0.004",
  "rewrite_historical_isolation": false,
  "identity_default_value_hook_authorized": true,
  "neural_edit_scope": "form_write_value identity default only",
  "neural_sha_after_identity_hook": "555bba37cc79b407f8d2205b6ce9440f2a7b204fb7eff2cc55a8ff5e883a7f01",
  "kqv_edit_authorized": false,
  "stage_a_kqv_frozen": true,
  "note": "Research-branch addendum. Does not retcon TM062 neural pin on main. Product remains 0.0.004."
}
