{
  "version": "TM.0.20.RELIABILITY.CANDIDATE",
  "lab": "TM.0.20.RELIABILITY.MECH",
  "ex0s_under_test": "0.0.004",
  "earned_next": false,
  "ex0s": null,
  "flag": "use_source_reliability",
  "sources": [
    "experience_testimony",
    "experience_reliability"
  ],
  "margin_name": "source_evidence_margin",
  "observation_abi": "observe_testimony",
  "plan_abi": "plan_inquiry",
  "factory": "experiments.run_tm020reliability.make_reliability",
  "lambda": 4,
  "n_min": 2,
  "jaccard": 0.5,
  "r10_liveness": "opt-in via use_source_reliability only",
  "agent_sha": "62c0ccad017da47952f7407da8f132c04520c820f5cf67da3f7705dcdf5c958c",
  "observe_testimony_sha": "ccd2b287b2724670f56c8f97458ee36b4d855e1378893db7ddcbe4aa50f670b2",
  "source_evidence_margin_sha": "bb2d7299f690ede92f26e53b9195789e40cb35aee8825df3316a46f131ed0c55",
  "make_reliability_sha": "b1788cc233f1c534600797a25b6b54a6e71d864cd58dfb498c9c3df68f8d28db",
  "run_tm020reliability_sha": "2e67134e2fc92273178467e277f26a4c03882b916138d1f53b59ee03972092d6",
  "reliability_mech_prereg_sha": "07c1ee023d80dd9a268e27b6e2105204babdc0397a6bc5f34437a0ff4a01e0e1",
  "reliability_baseline_sha": "1b99371b4b8368c71fe26db5059627ef0e8a559f42597f4c575723aff6ace18f",
  "reliability_wall_prereg_sha": "3cfbbb4f1fe93fa859509df85175547ba645752b3f5b2a52bc3bc7281d4215eb",
  "note": "Pinned after unscored ABI smoke, before scored cells. Preserve as v1 if audit rewrites agent."
}
