{
  "version": "TM.0.20.RELIABILITY.BASELINE",
  "lab": "TM.0.20.RELIABILITY",
  "phase": "A",
  "ex0s_under_test": "0.0.004",
  "earned_next": false,
  "ex0s": null,
  "ok": true,
  "first_fail": null,
  "fixture_sha": "50149d8c1c59bb3d275a5c20a1af92dc370c2156bf0295359b2d2d42cbee5ac5",
  "reliability_baseline_prereg_sha": "16b1097a9ac7d639fdb2f621a5c34f5506a43e952276a6922afe407ffcfd4706",
  "inquire_lock_sha": "cf8949a51ea9f6465f5db2c7627980d386fcf2e7219d6f5cd3f174d85f24354f",
  "agent_sha": "92ae7faf3e3c838c03282e53e71697edad6b1fd1639dba0ea15f014e4444c714",
  "run_tm020reliability_sha": "60b5478fa8b77a0a4b68766360150b90ba68cc09357d78c8395842644f833194",
  "refuse": [
    "editing agent.py in Phase A",
    "host confirm|contradict",
    "earned_next=true or non-null ex0s"
  ]
}
