{
  "version": "TM.0.18.SEQUENCE.BASELINE",
  "lab": "TM.0.18.SEQUENCE",
  "phase": "A",
  "ex0s_under_test": "0.0.004",
  "earned_next": false,
  "ex0s": null,
  "ok": true,
  "first_fail": null,
  "fixture_sha": "faf6ead38b576820263a5538d0074dc99cc25c27abfd40a2193c109b965fc604",
  "sequence_baseline_prereg_sha": "2d4f9e3b71d084d159cb356aa6facc145abb2379934ae46ea3548612860e0e79",
  "agent_sha": "cbc0567d27ec2432092f9c6284d9d540f02dc0a98cef434f354bcbd3ecbb63e1",
  "run_tm018sequence_sha": "3a2ad88b5d62f050ed697d260ecac6b3506a3c0eb0d7f062b68b5b8d95876103",
  "refuse": [
    "editing agent.py in Phase A",
    "scene IDs / answer hashes",
    "run-time curriculum generation",
    "earned_next=true or non-null ex0s"
  ]
}
