{
  "version": "TM.0.18.SEQUENCE.CANDIDATE",
  "lab": "TM.0.18.SEQUENCE.MECH",
  "ex0s_under_test": "0.0.004",
  "earned_next": false,
  "ex0s": null,
  "flag": "use_symbol_sequence",
  "source": "experience_sequence",
  "observation_abi": "observe_sequence_step",
  "emission_abi": "emit_sequence",
  "factory": "experiments.run_tm018sequence.make_sequence",
  "agent_sha": "cbc0567d27ec2432092f9c6284d9d540f02dc0a98cef434f354bcbd3ecbb63e1",
  "observe_sequence_step_sha": "4bebbf4ce396b49c37d47114602ccde58bc5c305e7cf825d96923e54b76c160a",
  "emit_sequence_sha": "23a608da7f6b7bd0f313b98a869b331dda87e452dff67c8df4de32ed651c61d4",
  "make_sequence_sha": "5613bc84b462f5bf458c5edbd4b2eb5993cb9824ccfe05f76ac029ccdbb17009",
  "run_tm018sequence_sha": "3a2ad88b5d62f050ed697d260ecac6b3506a3c0eb0d7f062b68b5b8d95876103",
  "sequence_mech_prereg_sha": "3f65dd2cb58092c8f80cdc6a9779b13fc01a881cb448f3fa5f3ce9dd9315000f",
  "sequence_baseline_sha": "ffddc72aa84f9e8e83bb1f3602c1e54da9ff68a23d89e8892cbd23747afc9952",
  "sequence_dialogue_prereg_sha": "3c84ba109d34c38de7b1bf77a75152d9dafd5f6294d0fe3ef557ebde24e562f6",
  "note": "Pinned after unscored ABI smoke, before scored cells / E-life / capacity / dialogue."
}
