{
  "version": "TM.0.18.SEQUENCE.MECH",
  "lab": "TM.0.18.SEQUENCE.MECH",
  "ex0s_under_test": "0.0.004",
  "earned_next": false,
  "ex0s": null,
  "ok": true,
  "n_pass": 6,
  "n_cells": 6,
  "cells": [
    {
      "cell": "U0_flag_off",
      "ok": true,
      "actual": null,
      "why": "pass"
    },
    {
      "cell": "U1_reject",
      "ok": true,
      "actual": null,
      "why": "pass"
    },
    {
      "cell": "U2_one_word",
      "ok": true,
      "actual": [
        "w1"
      ],
      "why": "pass"
    },
    {
      "cell": "U3_tie",
      "ok": true,
      "actual": null,
      "why": "pass"
    },
    {
      "cell": "U4_strip",
      "ok": true,
      "actual": null,
      "why": "pass"
    },
    {
      "cell": "U5_donor",
      "ok": true,
      "actual": [
        "new"
      ],
      "why": "pass"
    }
  ],
  "agent_sha": "cbc0567d27ec2432092f9c6284d9d540f02dc0a98cef434f354bcbd3ecbb63e1",
  "candidate_sha": "0e19ed3689435a05c3e1045c5ff3441f0108f2f06c00709f6c39449281041d3e",
  "run_tm018sequence_sha": "3a2ad88b5d62f050ed697d260ecac6b3506a3c0eb0d7f062b68b5b8d95876103"
}
