{
  "version": "TM.0.17.SYMBOLWORLD.GROUND.CANDIDATE",
  "lab": "TM.0.17.SYMBOLWORLD.GROUND",
  "ex0s_under_test": "0.0.004",
  "earned_next": false,
  "ex0s": null,
  "flag": "use_symbol_ground",
  "source": "experience_grounding",
  "observation_abi": "observe_symbol_ground",
  "factory": "experiments.run_tm017symbolworld.make_symbol_ground",
  "agent_sha": "809eba46278c5a2f62be15d502d7dce9738e550da7187c7b2a210dbfe63f0864",
  "observe_symbol_ground_sha": "c9a59a4065fc37cec8745ed5eb9a05f41a6fb2a026ad0ece3f1d81f02141daf1",
  "select_grounded_sha": "f217755bc5662c4c281086f5800303705a577adb30acde11f799fcc81ca14d37",
  "make_symbol_ground_sha": "ffe7405c5b6d7bd01a5de859f48b202e5f42330f1ec6923f60c29e1bde8ec48a",
  "run_tm017symbolworld_sha": "e131be3cec3bf68c81e0f8aa46186e9520442fa24d71b169195cf67e00191d6a",
  "symbol_ground_prereg_sha": "f9d808f3f8ca13ddc0378148cdb91e7770266a073bd52f0aaae962709ca916b5",
  "symbol_world_baseline_sha": "88827cdd125cf0283f5bbdccb6b4b0fdf02d2a60d40208efccbbbeb0e05382f4",
  "prior_persist_agent_sha": "1c6309668f4dfc64d0cde04f62da17ff38f8c5fcf8bb48f06a8686e21ab886a3",
  "note": "Pinned before unit-cell / developmental scoring. Do not rewrite after score."
}
